
Microsoft Visual Studio Solution File, Format Version 12.00
# Visual Studio Version 17
VisualStudioVersion = 17.5.33502.453
MinimumVisualStudioVersion = 10.0.40219.1
Project("{FAE04EC0-301F-11D3-BF4B-00C04F79EFBC}") = "syslogToKusto", "syslogToKusto.csproj", "{30B25F06-B4C9-4843-A5F5-1C95CCA442F1}"
EndProject
Global
	GlobalSection(SolutionConfigurationPlatforms) = preSolution
		Debug|Any CPU = Debug|Any CPU
		Release|Any CPU = Release|Any CPU
	EndGlobalSection
	GlobalSection(ProjectConfigurationPlatforms) = postSolution
		{30B25F06-B4C9-4843-A5F5-1C95CCA442F1}.Debug|Any CPU.ActiveCfg = Debug|Any CPU
		{30B25F06-B4C9-4843-A5F5-1C95CCA442F1}.Debug|Any CPU.Build.0 = Debug|Any CPU
		{30B25F06-B4C9-4843-A5F5-1C95CCA442F1}.Release|Any CPU.ActiveCfg = Release|Any CPU
		{30B25F06-B4C9-4843-A5F5-1C95CCA442F1}.Release|Any CPU.Build.0 = Release|Any CPU
	EndGlobalSection
	GlobalSection(SolutionProperties) = preSolution
		HideSolutionNode = FALSE
	EndGlobalSection
	GlobalSection(ExtensibilityGlobals) = postSolution
		SolutionGuid = {F8E7A9D0-3F8E-4814-BC3C-657139D463B7}
	EndGlobalSection
EndGlobal
